
Microsoft Visual Studio Solution File, Format Version 12.00
# Visual Studio Version 17
VisualStudioVersion = 17.7.34202.233
MinimumVisualStudioVersion = 10.0.40219.1
Project("{FAE04EC0-301F-11D3-BF4B-00C04F79EFBC}") = "Calculadora", "Calculadora.csproj", "{4E47815E-8689-4408-99D3-75241E27AF85}"
EndProject
Project("{FAE04EC0-301F-11D3-BF4B-00C04F79EFBC}") = "Media", "..\Media\Media.csproj", "{F3B76848-F8A4-4860-ABCB-D9EFB8F319DD}"
EndProject
Project("{FAE04EC0-301F-11D3-BF4B-00C04F79EFBC}") = "CalculoIMC", "..\CalculoIMC\CalculoIMC.csproj", "{D119825F-7209-4ABB-AE8B-F877982F87A4}"
EndProject
Global
	GlobalSection(SolutionConfigurationPlatforms) = preSolution
		Debug|Any CPU = Debug|Any CPU
		Release|Any CPU = Release|Any CPU
	EndGlobalSection
	GlobalSection(ProjectConfigurationPlatforms) = postSolution
		{4E47815E-8689-4408-99D3-75241E27AF85}.Debug|Any CPU.ActiveCfg = Debug|Any CPU
		{4E47815E-8689-4408-99D3-75241E27AF85}.Debug|Any CPU.Build.0 = Debug|Any CPU
		{4E47815E-8689-4408-99D3-75241E27AF85}.Release|Any CPU.ActiveCfg = Release|Any CPU
		{4E47815E-8689-4408-99D3-75241E27AF85}.Release|Any CPU.Build.0 = Release|Any CPU
		{F3B76848-F8A4-4860-ABCB-D9EFB8F319DD}.Debug|Any CPU.ActiveCfg = Debug|Any CPU
		{F3B76848-F8A4-4860-ABCB-D9EFB8F319DD}.Debug|Any CPU.Build.0 = Debug|Any CPU
		{F3B76848-F8A4-4860-ABCB-D9EFB8F319DD}.Release|Any CPU.ActiveCfg = Release|Any CPU
		{F3B76848-F8A4-4860-ABCB-D9EFB8F319DD}.Release|Any CPU.Build.0 = Release|Any CPU
		{D119825F-7209-4ABB-AE8B-F877982F87A4}.Debug|Any CPU.ActiveCfg = Debug|Any CPU
		{D119825F-7209-4ABB-AE8B-F877982F87A4}.Debug|Any CPU.Build.0 = Debug|Any CPU
		{D119825F-7209-4ABB-AE8B-F877982F87A4}.Release|Any CPU.ActiveCfg = Release|Any CPU
		{D119825F-7209-4ABB-AE8B-F877982F87A4}.Release|Any CPU.Build.0 = Release|Any CPU
	EndGlobalSection
	GlobalSection(SolutionProperties) = preSolution
		HideSolutionNode = FALSE
	EndGlobalSection
	GlobalSection(ExtensibilityGlobals) = postSolution
		SolutionGuid = {287B90BC-D97C-46FC-8D03-A898D5AECB33}
	EndGlobalSection
EndGlobal
